
Microsoft Visual Studio Solution File, Format Version 12.00
# Visual Studio Version 16
VisualStudioVersion = 16.0.30114.105
MinimumVisualStudioVersion = 10.0.40219.1
Project("{2150E333-8FDC-42A3-9474-1A3956D46DE8}") = "Source", "Source", "{5C0B4EAF-55D9-4EBA-8BA4-C264E9C37838}"
EndProject
Project("{2150E333-8FDC-42A3-9474-1A3956D46DE8}") = "Tests", "Tests", "{1EAF6550-A756-4F4E-83C8-7A318ED96F9D}"
EndProject
Project("{FAE04EC0-301F-11D3-BF4B-00C04F79EFBC}") = "Carrent", "src\Carrent\Carrent.csproj", "{7021B94F-3184-44DA-8C84-484DAF4A4B09}"
EndProject
Project("{FAE04EC0-301F-11D3-BF4B-00C04F79EFBC}") = "Carrent.Tests", "tests\Carrent.Tests\Carrent.Tests.csproj", "{ADB7861D-DEFE-489A-AF60-1AB79E8BA0E0}"
EndProject
Global
	GlobalSection(SolutionConfigurationPlatforms) = preSolution
		Debug|Any CPU = Debug|Any CPU
		Debug|x64 = Debug|x64
		Debug|x86 = Debug|x86
		Release|Any CPU = Release|Any CPU
		Release|x64 = Release|x64
		Release|x86 = Release|x86
	EndGlobalSection
	GlobalSection(ProjectConfigurationPlatforms) = postSolution
		{7021B94F-3184-44DA-8C84-484DAF4A4B09}.Debug|Any CPU.ActiveCfg = Debug|Any CPU
		{7021B94F-3184-44DA-8C84-484DAF4A4B09}.Debug|Any CPU.Build.0 = Debug|Any CPU
		{7021B94F-3184-44DA-8C84-484DAF4A4B09}.Debug|x64.ActiveCfg = Debug|Any CPU
		{7021B94F-3184-44DA-8C84-484DAF4A4B09}.Debug|x64.Build.0 = Debug|Any CPU
		{7021B94F-3184-44DA-8C84-484DAF4A4B09}.Debug|x86.ActiveCfg = Debug|Any CPU
		{7021B94F-3184-44DA-8C84-484DAF4A4B09}.Debug|x86.Build.0 = Debug|Any CPU
		{7021B94F-3184-44DA-8C84-484DAF4A4B09}.Release|Any CPU.ActiveCfg = Release|Any CPU
		{7021B94F-3184-44DA-8C84-484DAF4A4B09}.Release|Any CPU.Build.0 = Release|Any CPU
		{7021B94F-3184-44DA-8C84-484DAF4A4B09}.Release|x64.ActiveCfg = Release|Any CPU
		{7021B94F-3184-44DA-8C84-484DAF4A4B09}.Release|x64.Build.0 = Release|Any CPU
		{7021B94F-3184-44DA-8C84-484DAF4A4B09}.Release|x86.ActiveCfg = Release|Any CPU
		{7021B94F-3184-44DA-8C84-484DAF4A4B09}.Release|x86.Build.0 = Release|Any CPU
		{ADB7861D-DEFE-489A-AF60-1AB79E8BA0E0}.Debug|Any CPU.ActiveCfg = Debug|Any CPU
		{ADB7861D-DEFE-489A-AF60-1AB79E8BA0E0}.Debug|Any CPU.Build.0 = Debug|Any CPU
		{ADB7861D-DEFE-489A-AF60-1AB79E8BA0E0}.Debug|x64.ActiveCfg = Debug|Any CPU
		{ADB7861D-DEFE-489A-AF60-1AB79E8BA0E0}.Debug|x64.Build.0 = Debug|Any CPU
		{ADB7861D-DEFE-489A-AF60-1AB79E8BA0E0}.Debug|x86.ActiveCfg = Debug|Any CPU
		{ADB7861D-DEFE-489A-AF60-1AB79E8BA0E0}.Debug|x86.Build.0 = Debug|Any CPU
		{ADB7861D-DEFE-489A-AF60-1AB79E8BA0E0}.Release|Any CPU.ActiveCfg = Release|Any CPU
		{ADB7861D-DEFE-489A-AF60-1AB79E8BA0E0}.Release|Any CPU.Build.0 = Release|Any CPU
		{ADB7861D-DEFE-489A-AF60-1AB79E8BA0E0}.Release|x64.ActiveCfg = Release|Any CPU
		{ADB7861D-DEFE-489A-AF60-1AB79E8BA0E0}.Release|x64.Build.0 = Release|Any CPU
		{ADB7861D-DEFE-489A-AF60-1AB79E8BA0E0}.Release|x86.ActiveCfg = Release|Any CPU
		{ADB7861D-DEFE-489A-AF60-1AB79E8BA0E0}.Release|x86.Build.0 = Release|Any CPU
	EndGlobalSection
	GlobalSection(SolutionProperties) = preSolution
		HideSolutionNode = FALSE
	EndGlobalSection
	GlobalSection(NestedProjects) = preSolution
		{7021B94F-3184-44DA-8C84-484DAF4A4B09} = {5C0B4EAF-55D9-4EBA-8BA4-C264E9C37838}
		{ADB7861D-DEFE-489A-AF60-1AB79E8BA0E0} = {1EAF6550-A756-4F4E-83C8-7A318ED96F9D}
	EndGlobalSection
	GlobalSection(ExtensibilityGlobals) = postSolution
		SolutionGuid = {AC72BFF0-55F3-4384-9014-0A50A195CAD1}
	EndGlobalSection
EndGlobal
